// !$*UTF8*$!
{
	archiveVersion = 1;
	classes = {
	};
	objectVersion = 46;
	objects = {

/* Begin PBXBuildFile section */
		741D0AF01C61CE8200BD2412 /* LaunchScreen.storyboard in Resources */ = {isa = PBXBuildFile; fileRef = 741D0AEE1C61CE8200BD2412 /* LaunchScreen.storyboard */; };
		74679F1B1C62ABA1001E41EA /* SWRevealViewController.m in Sources */ = {isa = PBXBuildFile; fileRef = 74679F1A1C62ABA1001E41EA /* SWRevealViewController.m */; };
		74679F201C62AEA5001E41EA /* NewsTableViewController.swift in Sources */ = {isa = PBXBuildFile; fileRef = 74679F1C1C62AEA4001E41EA /* NewsTableViewController.swift */; };
		74679F211C62AEA5001E41EA /* NewsTableViewCell.swift in Sources */ = {isa = PBXBuildFile; fileRef = 74679F1D1C62AEA4001E41EA /* NewsTableViewCell.swift */; };
		74679F221C62AEA5001E41EA /* MapViewController.swift in Sources */ = {isa = PBXBuildFile; fileRef = 74679F1E1C62AEA4001E41EA /* MapViewController.swift */; };
		74679F231C62AEA5001E41EA /* PhotoViewController.swift in Sources */ = {isa = PBXBuildFile; fileRef = 74679F1F1C62AEA5001E41EA /* PhotoViewController.swift */; };
		74679F251C62D9DF001E41EA /* MapKit.framework in Frameworks */ = {isa = PBXBuildFile; fileRef = 74679F241C62D9DF001E41EA /* MapKit.framework */; };
		747E42E51C5F0B79002EDF23 /* HealthKit.framework in Frameworks */ = {isa = PBXBuildFile; fileRef = 747E42E41C5F0B79002EDF23 /* HealthKit.framework */; };
		747E42FD1C5FADF1002EDF23 /* AddEventViewController.swift in Sources */ = {isa = PBXBuildFile; fileRef = 747E42F91C5FADF1002EDF23 /* AddEventViewController.swift */; };
		747E42FE1C5FADF1002EDF23 /* Event.swift in Sources */ = {isa = PBXBuildFile; fileRef = 747E42FA1C5FADF1002EDF23 /* Event.swift */; };
		747E42FF1C5FADF1002EDF23 /* EventsViewController.swift in Sources */ = {isa = PBXBuildFile; fileRef = 747E42FB1C5FADF1002EDF23 /* EventsViewController.swift */; };
		747E43001C5FADF1002EDF23 /* Utilities.swift in Sources */ = {isa = PBXBuildFile; fileRef = 747E42FC1C5FADF1002EDF23 /* Utilities.swift */; };
		7480FF051C5E94C60085FAF3 /* AppDelegate.swift in Sources */ = {isa = PBXBuildFile; fileRef = 7480FF041C5E94C60085FAF3 /* AppDelegate.swift */; };
		7480FF0A1C5E94C60085FAF3 /* Main.storyboard in Resources */ = {isa = PBXBuildFile; fileRef = 7480FF081C5E94C60085FAF3 /* Main.storyboard */; };
		7480FF0D1C5E94C60085FAF3 /* Bubble.xcdatamodeld in Sources */ = {isa = PBXBuildFile; fileRef = 7480FF0B1C5E94C60085FAF3 /* Bubble.xcdatamodeld */; };
		7480FF0F1C5E94C60085FAF3 /* Assets.xcassets in Resources */ = {isa = PBXBuildFile; fileRef = 7480FF0E1C5E94C60085FAF3 /* Assets.xcassets */; };
		7480FF1D1C5E94C60085FAF3 /* BubbleTests.swift in Sources */ = {isa = PBXBuildFile; fileRef = 7480FF1C1C5E94C60085FAF3 /* BubbleTests.swift */; };
		7480FF281C5E94C60085FAF3 /* BubbleUITests.swift in Sources */ = {isa = PBXBuildFile; fileRef = 7480FF271C5E94C60085FAF3 /* BubbleUITests.swift */; };
		74A9A2181C616E71007612E0 /* Info.plist in Resources */ = {isa = PBXBuildFile; fileRef = 74A9A2171C616E71007612E0 /* Info.plist */; };
/* End PBXBuildFile section */

/* Begin PBXContainerItemProxy section */
		7480FF191C5E94C60085FAF3 /* PBXContainerItemProxy */ = {
			isa = PBXContainerItemProxy;
			containerPortal = 7480FEF91C5E94C60085FAF3 /* Project object */;
			proxyType = 1;
			remoteGlobalIDString = 7480FF001C5E94C60085FAF3;
			remoteInfo = Bubble;
		};
		7480FF241C5E94C60085FAF3 /* PBXContainerItemProxy */ = {
			isa = PBXContainerItemProxy;
			containerPortal = 7480FEF91C5E94C60085FAF3 /* Project object */;
			proxyType = 1;
			remoteGlobalIDString = 7480FF001C5E94C60085FAF3;
			remoteInfo = Bubble;
		};
/* End PBXContainerItemProxy section */

/* Begin PBXFileReference section */
		741D0AEF1C61CE8200BD2412 /* Base */ = {isa = PBXFileReference; lastKnownFileType = file.storyboard; name = Base; path = Base.lproj/LaunchScreen.storyboard; sourceTree = "<group>"; };
		74679F171C62ABA0001E41EA /* Bubble-Bridging-Header.h */ = {isa = PBXFileReference; lastKnownFileType = sourcecode.c.h; path = "Bubble-Bridging-Header.h"; sourceTree = "<group>"; };
		74679F181C62ABA1001E41EA /* SidebarMenu-Bridging-Header.h */ = {isa = PBXFileReference; fileEncoding = 4; lastKnownFileType = sourcecode.c.h; path = "SidebarMenu-Bridging-Header.h"; sourceTree = "<group>"; };
		74679F191C62ABA1001E41EA /* SWRevealViewController.h */ = {isa = PBXFileReference; fileEncoding = 4; lastKnownFileType = sourcecode.c.h; path = SWRevealViewController.h; sourceTree = "<group>"; };
		74679F1A1C62ABA1001E41EA /* SWRevealViewController.m */ = {isa = PBXFileReference; fileEncoding = 4; lastKnownFileType = sourcecode.c.objc; path = SWRevealViewController.m; sourceTree = "<group>"; };
		74679F1C1C62AEA4001E41EA /* NewsTableViewController.swift */ = {isa = PBXFileReference; fileEncoding = 4; lastKnownFileType = sourcecode.swift; path = NewsTableViewController.swift; sourceTree = "<group>"; };
		74679F1D1C62AEA4001E41EA /* NewsTableViewCell.swift */ = {isa = PBXFileReference; fileEncoding = 4; lastKnownFileType = sourcecode.swift; path = NewsTableViewCell.swift; sourceTree = "<group>"; };
		74679F1E1C62AEA4001E41EA /* MapViewController.swift */ = {isa = PBXFileReference; fileEncoding = 4; lastKnownFileType = sourcecode.swift; path = MapViewController.swift; sourceTree = "<group>"; };
		74679F1F1C62AEA5001E41EA /* PhotoViewController.swift */ = {isa = PBXFileReference; fileEncoding = 4; lastKnownFileType = sourcecode.swift; path = PhotoViewController.swift; sourceTree = "<group>"; };
		74679F241C62D9DF001E41EA /* MapKit.framework */ = {isa = PBXFileReference; lastKnownFileType = wrapper.framework; name = MapKit.framework; path = System/Library/Frameworks/MapKit.framework; sourceTree = SDKROOT; };
		747E42E41C5F0B79002EDF23 /* HealthKit.framework */ = {isa = PBXFileReference; lastKnownFileType = wrapper.framework; name = HealthKit.framework; path = System/Library/Frameworks/HealthKit.framework; sourceTree = SDKROOT; };
		747E42E61C5F0B79002EDF23 /* Bubble.entitlements */ = {isa = PBXFileReference; lastKnownFileType = text.xml; path = Bubble.entitlements; sourceTree = "<group>"; };
		747E42F91C5FADF1002EDF23 /* AddEventViewController.swift */ = {isa = PBXFileReference; fileEncoding = 4; lastKnownFileType = sourcecode.swift; path = AddEventViewController.swift; sourceTree = "<group>"; };
		747E42FA1C5FADF1002EDF23 /* Event.swift */ = {isa = PBXFileReference; fileEncoding = 4; lastKnownFileType = sourcecode.swift; path = Event.swift; sourceTree = "<group>"; };
		747E42FB1C5FADF1002EDF23 /* EventsViewController.swift */ = {isa = PBXFileReference; fileEncoding = 4; lastKnownFileType = sourcecode.swift; path = EventsViewController.swift; sourceTree = "<group>"; };
		747E42FC1C5FADF1002EDF23 /* Utilities.swift */ = {isa = PBXFileReference; fileEncoding = 4; lastKnownFileType = sourcecode.swift; path = Utilities.swift; sourceTree = "<group>"; };
		7480FF011C5E94C60085FAF3 /* Bubble.app */ = {isa = PBXFileReference; explicitFileType = wrapper.application; includeInIndex = 0; path = Bubble.app; sourceTree = BUILT_PRODUCTS_DIR; };
		7480FF041C5E94C60085FAF3 /* AppDelegate.swift */ = {isa = PBXFileReference; lastKnownFileType = sourcecode.swift; path = AppDelegate.swift; sourceTree = "<group>"; };
		7480FF091C5E94C60085FAF3 /* Base */ = {isa = PBXFileReference; lastKnownFileType = file.storyboard; name = Base; path = Base.lproj/Main.storyboard; sourceTree = "<group>"; };
		7480FF0C1C5E94C60085FAF3 /* Bubble.xcdatamodel */ = {isa = PBXFileReference; lastKnownFileType = wrapper.xcdatamodel; path = Bubble.xcdatamodel; sourceTree = "<group>"; };
		7480FF0E1C5E94C60085FAF3 /* Assets.xcassets */ = {isa = PBXFileReference; lastKnownFileType = folder.assetcatalog; path = Assets.xcassets; sourceTree = "<group>"; };
		7480FF181C5E94C60085FAF3 /* BubbleTests.xctest */ = {isa = PBXFileReference; explicitFileType = wrapper.cfbundle; includeInIndex = 0; path = BubbleTests.xctest; sourceTree = BUILT_PRODUCTS_DIR; };
		7480FF1C1C5E94C60085FAF3 /* BubbleTests.swift */ = {isa = PBXFileReference; lastKnownFileType = sourcecode.swift; path = BubbleTests.swift; sourceTree = "<group>"; };
		7480FF1E1C5E94C60085FAF3 /* Info.plist */ = {isa = PBXFileReference; lastKnownFileType = text.plist.xml; path = Info.plist; sourceTree = "<group>"; };
		7480FF231C5E94C60085FAF3 /* BubbleUITests.xctest */ = {isa = PBXFileReference; explicitFileType = wrapper.cfbundle; includeInIndex = 0; path = BubbleUITests.xctest; sourceTree = BUILT_PRODUCTS_DIR; };
		7480FF271C5E94C60085FAF3 /* BubbleUITests.swift */ = {isa = PBXFileReference; lastKnownFileType = sourcecode.swift; path = BubbleUITests.swift; sourceTree = "<group>"; };
		7480FF291C5E94C60085FAF3 /* Info.plist */ = {isa = PBXFileReference; lastKnownFileType = text.plist.xml; path = Info.plist; sourceTree = "<group>"; };
		74A9A2171C616E71007612E0 /* Info.plist */ = {isa = PBXFileReference; fileEncoding = 4; lastKnownFileType = text.plist.xml; path = Info.plist; sourceTree = "<group>"; };
/* End PBXFileReference section */

/* Begin PBXFrameworksBuildPhase section */
		7480FEFE1C5E94C60085FAF3 /* Frameworks */ = {
			isa = PBXFrameworksBuildPhase;
			buildActionMask = 2147483647;
			files = (
				74679F251C62D9DF001E41EA /* MapKit.framework in Frameworks */,
				747E42E51C5F0B79002EDF23 /* HealthKit.framework in Frameworks */,
			);
			runOnlyForDeploymentPostprocessing = 0;
		};
		7480FF151C5E94C60085FAF3 /* Frameworks */ = {
			isa = PBXFrameworksBuildPhase;
			buildActionMask = 2147483647;
			files = (
			);
			runOnlyForDeploymentPostprocessing = 0;
		};
		7480FF201C5E94C60085FAF3 /* Frameworks */ = {
			isa = PBXFrameworksBuildPhase;
			buildActionMask = 2147483647;
			files = (
			);
			runOnlyForDeploymentPostprocessing = 0;
		};
/* End PBXFrameworksBuildPhase section */

/* Begin PBXGroup section */
		74679F161C62AB35001E41EA /* SWRevealViewController */ = {
			isa = PBXGroup;
			children = (
				74679F181C62ABA1001E41EA /* SidebarMenu-Bridging-Header.h */,
				74679F191C62ABA1001E41EA /* SWRevealViewController.h */,
				74679F1A1C62ABA1001E41EA /* SWRevealViewController.m */,
			);
			name = SWRevealViewController;
			sourceTree = "<group>";
		};
		747E42D61C5EAA86002EDF23 /* Supporting Files */ = {
			isa = PBXGroup;
			children = (
				74A9A2171C616E71007612E0 /* Info.plist */,
			);
			name = "Supporting Files";
			sourceTree = "<group>";
		};
		7480FEF81C5E94C60085FAF3 = {
			isa = PBXGroup;
			children = (
				74679F241C62D9DF001E41EA /* MapKit.framework */,
				747E42E41C5F0B79002EDF23 /* HealthKit.framework */,
				7480FF031C5E94C60085FAF3 /* Bubble */,
				7480FF1B1C5E94C60085FAF3 /* BubbleTests */,
				7480FF261C5E94C60085FAF3 /* BubbleUITests */,
				7480FF021C5E94C60085FAF3 /* Products */,
			);
			sourceTree = "<group>";
		};
		7480FF021C5E94C60085FAF3 /* Products */ = {
			isa = PBXGroup;
			children = (
				7480FF011C5E94C60085FAF3 /* Bubble.app */,
				7480FF181C5E94C60085FAF3 /* BubbleTests.xctest */,
				7480FF231C5E94C60085FAF3 /* BubbleUITests.xctest */,
			);
			name = Products;
			sourceTree = "<group>";
		};
		7480FF031C5E94C60085FAF3 /* Bubble */ = {
			isa = PBXGroup;
			children = (
				74679F161C62AB35001E41EA /* SWRevealViewController */,
				747E42E61C5F0B79002EDF23 /* Bubble.entitlements */,
				7480FF041C5E94C60085FAF3 /* AppDelegate.swift */,
				741D0AEE1C61CE8200BD2412 /* LaunchScreen.storyboard */,
				7480FF0E1C5E94C60085FAF3 /* Assets.xcassets */,
				747E42F91C5FADF1002EDF23 /* AddEventViewController.swift */,
				747E42FA1C5FADF1002EDF23 /* Event.swift */,
				747E42FB1C5FADF1002EDF23 /* EventsViewController.swift */,
				747E42FC1C5FADF1002EDF23 /* Utilities.swift */,
				7480FF081C5E94C60085FAF3 /* Main.storyboard */,
				74679F1C1C62AEA4001E41EA /* NewsTableViewController.swift */,
				74679F1D1C62AEA4001E41EA /* NewsTableViewCell.swift */,
				74679F1E1C62AEA4001E41EA /* MapViewController.swift */,
				74679F1F1C62AEA5001E41EA /* PhotoViewController.swift */,
				747E42D61C5EAA86002EDF23 /* Supporting Files */,
				7480FF0B1C5E94C60085FAF3 /* Bubble.xcdatamodeld */,
				74679F171C62ABA0001E41EA /* Bubble-Bridging-Header.h */,
			);
			path = Bubble;
			sourceTree = "<group>";
		};
		7480FF1B1C5E94C60085FAF3 /* BubbleTests */ = {
			isa = PBXGroup;
			children = (
				7480FF1C1C5E94C60085FAF3 /* BubbleTests.swift */,
				7480FF1E1C5E94C60085FAF3 /* Info.plist */,
			);
			path = BubbleTests;
			sourceTree = "<group>";
		};
		7480FF261C5E94C60085FAF3 /* BubbleUITests */ = {
			isa = PBXGroup;
			children = (
				7480FF271C5E94C60085FAF3 /* BubbleUITests.swift */,
				7480FF291C5E94C60085FAF3 /* Info.plist */,
			);
			path = BubbleUITests;
			sourceTree = "<group>";
		};
/* End PBXGroup section */

/* Begin PBXNativeTarget section */
		7480FF001C5E94C60085FAF3 /* Bubble */ = {
			isa = PBXNativeTarget;
			buildConfigurationList = 7480FF2C1C5E94C60085FAF3 /* Build configuration list for PBXNativeTarget "Bubble" */;
			buildPhases = (
				7480FEFD1C5E94C60085FAF3 /* Sources */,
				7480FEFE1C5E94C60085FAF3 /* Frameworks */,
				7480FEFF1C5E94C60085FAF3 /* Resources */,
			);
			buildRules = (
			);
			dependencies = (
			);
			name = Bubble;
			productName = Bubble;
			productReference = 7480FF011C5E94C60085FAF3 /* Bubble.app */;
			productType = "com.apple.product-type.application";
		};
		7480FF171C5E94C60085FAF3 /* BubbleTests */ = {
			isa = PBXNativeTarget;
			buildConfigurationList = 7480FF2F1C5E94C60085FAF3 /* Build configuration list for PBXNativeTarget "BubbleTests" */;
			buildPhases = (
				7480FF141C5E94C60085FAF3 /* Sources */,
				7480FF151C5E94C60085FAF3 /* Frameworks */,
				7480FF161C5E94C60085FAF3 /* Resources */,
			);
			buildRules = (
			);
			dependencies = (
				7480FF1A1C5E94C60085FAF3 /* PBXTargetDependency */,
			);
			name = BubbleTests;
			productName = BubbleTests;
			productReference = 7480FF181C5E94C60085FAF3 /* BubbleTests.xctest */;
			productType = "com.apple.product-type.bundle.unit-test";
		};
		7480FF221C5E94C60085FAF3 /* BubbleUITests */ = {
			isa = PBXNativeTarget;
			buildConfigurationList = 7480FF321C5E94C60085FAF3 /* Build configuration list for PBXNativeTarget "BubbleUITests" */;
			buildPhases = (
				7480FF1F1C5E94C60085FAF3 /* Sources */,
				7480FF201C5E94C60085FAF3 /* Frameworks */,
				7480FF211C5E94C60085FAF3 /* Resources */,
			);
			buildRules = (
			);
			dependencies = (
				7480FF251C5E94C60085FAF3 /* PBXTargetDependency */,
			);
			name = BubbleUITests;
			productName = BubbleUITests;
			productReference = 7480FF231C5E94C60085FAF3 /* BubbleUITests.xctest */;
			productType = "com.apple.product-type.bundle.ui-testing";
		};
/* End PBXNativeTarget section */

/* Begin PBXProject section */
		7480FEF91C5E94C60085FAF3 /* Project object */ = {
			isa = PBXProject;
			attributes = {
				LastSwiftUpdateCheck = 0720;
				LastUpgradeCheck = 0720;
				ORGANIZATIONNAME = "Mike Fink";
				TargetAttributes = {
					7480FF001C5E94C60085FAF3 = {
						CreatedOnToolsVersion = 7.2;
						DevelopmentTeam = 52YP3DDHC9;
						SystemCapabilities = {
							com.apple.HealthKit = {
								enabled = 1;
							};
							com.apple.Maps.iOS = {
								enabled = 1;
							};
						};
					};
					7480FF171C5E94C60085FAF3 = {
						CreatedOnToolsVersion = 7.2;
						DevelopmentTeam = 52YP3DDHC9;
						TestTargetID = 7480FF001C5E94C60085FAF3;
					};
					7480FF221C5E94C60085FAF3 = {
						CreatedOnToolsVersion = 7.2;
						DevelopmentTeam = 52YP3DDHC9;
						TestTargetID = 7480FF001C5E94C60085FAF3;
					};
				};
			};
			buildConfigurationList = 7480FEFC1C5E94C60085FAF3 /* Build configuration list for PBXProject "Bubble" */;
			compatibilityVersion = "Xcode 3.2";
			developmentRegion = English;
			hasScannedForEncodings = 0;
			knownRegions = (
				en,
				Base,
			);
			mainGroup = 7480FEF81C5E94C60085FAF3;
			productRefGroup = 7480FF021C5E94C60085FAF3 /* Products */;
			projectDirPath = "";
			projectRoot = "";
			targets = (
				7480FF001C5E94C60085FAF3 /* Bubble */,
				7480FF171C5E94C60085FAF3 /* BubbleTests */,
				7480FF221C5E94C60085FAF3 /* BubbleUITests */,
			);
		};
/* End PBXProject section */

/* Begin PBXResourcesBuildPhase section */
		7480FEFF1C5E94C60085FAF3 /* Resources */ = {
			isa = PBXResourcesBuildPhase;
			buildActionMask = 2147483647;
			files = (
				7480FF0F1C5E94C60085FAF3 /* Assets.xcassets in Resources */,
				741D0AF01C61CE8200BD2412 /* LaunchScreen.storyboard in Resources */,
				74A9A2181C616E71007612E0 /* Info.plist in Resources */,
				7480FF0A1C5E94C60085FAF3 /* Main.storyboard in Resources */,
			);
			runOnlyForDeploymentPostprocessing = 0;
		};
		7480FF161C5E94C60085FAF3 /* Resources */ = {
			isa = PBXResourcesBuildPhase;
			buildActionMask = 2147483647;
			files = (
			);
			runOnlyForDeploymentPostprocessing = 0;
		};
		7480FF211C5E94C60085FAF3 /* Resources */ = {
			isa = PBXResourcesBuildPhase;
			buildActionMask = 2147483647;
			files = (
			);
			runOnlyForDeploymentPostprocessing = 0;
		};
/* End PBXResourcesBuildPhase section */

/* Begin PBXSourcesBuildPhase section */
		7480FEFD1C5E94C60085FAF3 /* Sources */ = {
			isa = PBXSourcesBuildPhase;
			buildActionMask = 2147483647;
			files = (
				74679F1B1C62ABA1001E41EA /* SWRevealViewController.m in Sources */,
				7480FF0D1C5E94C60085FAF3 /* Bubble.xcdatamodeld in Sources */,
				747E42FD1C5FADF1002EDF23 /* AddEventViewController.swift in Sources */,
				74679F221C62AEA5001E41EA /* MapViewController.swift in Sources */,
				747E43001C5FADF1002EDF23 /* Utilities.swift in Sources */,
				74679F201C62AEA5001E41EA /* NewsTableViewController.swift in Sources */,
				7480FF051C5E94C60085FAF3 /* AppDelegate.swift in Sources */,
				747E42FE1C5FADF1002EDF23 /* Event.swift in Sources */,
				747E42FF1C5FADF1002EDF23 /* EventsViewController.swift in Sources */,
				74679F211C62AEA5001E41EA /* NewsTableViewCell.swift in Sources */,
				74679F231C62AEA5001E41EA /* PhotoViewController.swift in Sources */,
			);
			runOnlyForDeploymentPostprocessing = 0;
		};
		7480FF141C5E94C60085FAF3 /* Sources */ = {
			isa = PBXSourcesBuildPhase;
			buildActionMask = 2147483647;
			files = (
				7480FF1D1C5E94C60085FAF3 /* BubbleTests.swift in Sources */,
			);
			runOnlyForDeploymentPostprocessing = 0;
		};
		7480FF1F1C5E94C60085FAF3 /* Sources */ = {
			isa = PBXSourcesBuildPhase;
			buildActionMask = 2147483647;
			files = (
				7480FF281C5E94C60085FAF3 /* BubbleUITests.swift in Sources */,
			);
			runOnlyForDeploymentPostprocessing = 0;
		};
/* End PBXSourcesBuildPhase section */

/* Begin PBXTargetDependency section */
		7480FF1A1C5E94C60085FAF3 /* PBXTargetDependency */ = {
			isa = PBXTargetDependency;
			target = 7480FF001C5E94C60085FAF3 /* Bubble */;
			targetProxy = 7480FF191C5E94C60085FAF3 /* PBXContainerItemProxy */;
		};
		7480FF251C5E94C60085FAF3 /* PBXTargetDependency */ = {
			isa = PBXTargetDependency;
			target = 7480FF001C5E94C60085FAF3 /* Bubble */;
			targetProxy = 7480FF241C5E94C60085FAF3 /* PBXContainerItemProxy */;
		};
/* End PBXTargetDependency section */

/* Begin PBXVariantGroup section */
		741D0AEE1C61CE8200BD2412 /* LaunchScreen.storyboard */ = {
			isa = PBXVariantGroup;
			children = (
				741D0AEF1C61CE8200BD2412 /* Base */,
			);
			name = LaunchScreen.storyboard;
			sourceTree = "<group>";
		};
		7480FF081C5E94C60085FAF3 /* Main.storyboard */ = {
			isa = PBXVariantGroup;
			children = (
				7480FF091C5E94C60085FAF3 /* Base */,
			);
			name = Main.storyboard;
			sourceTree = "<group>";
		};
/* End PBXVariantGroup section */

/* Begin XCBuildConfiguration section */
		7480FF2A1C5E94C60085FAF3 /* Debug */ = {
			isa = XCBuildConfiguration;
			buildSettings = {
				ALWAYS_SEARCH_USER_PATHS = NO;
				CLANG_CXX_LANGUAGE_STANDARD = "gnu++0x";
				CLANG_CXX_LIBRARY = "libc++";
				CLANG_ENABLE_MODULES = YES;
				CLANG_ENABLE_OBJC_ARC = YES;
				CLANG_WARN_BOOL_CONVERSION = YES;
				CLANG_WARN_CONSTANT_CONVERSION = YES;
				CLANG_WARN_DIRECT_OBJC_ISA_USAGE = YES_ERROR;
				CLANG_WARN_EMPTY_BODY = YES;
				CLANG_WARN_ENUM_CONVERSION = YES;
				CLANG_WARN_INT_CONVERSION = YES;
				CLANG_WARN_OBJC_ROOT_CLASS = YES_ERROR;
				CLANG_WARN_UNREACHABLE_CODE = YES;
				CLANG_WARN__DUPLICATE_METHOD_MATCH = YES;
				"CODE_SIGN_IDENTITY[sdk=iphoneos*]" = "iPhone Developer";
				COPY_PHASE_STRIP = NO;
				DEBUG_INFORMATION_FORMAT = dwarf;
				ENABLE_STRICT_OBJC_MSGSEND = YES;
				ENABLE_TESTABILITY = YES;
				GCC_C_LANGUAGE_STANDARD = gnu99;
				GCC_DYNAMIC_NO_PIC = NO;
				GCC_NO_COMMON_BLOCKS = YES;
				GCC_OPTIMIZATION_LEVEL = 0;
				GCC_PREPROCESSOR_DEFINITIONS = (
					"DEBUG=1",
					"$(inherited)",
				);
				GCC_WARN_64_TO_32_BIT_CONVERSION = YES;
				GCC_WARN_ABOUT_RETURN_TYPE = YES_ERROR;
				GCC_WARN_UNDECLARED_SELECTOR = YES;
				GCC_WARN_UNINITIALIZED_AUTOS = YES_AGGRESSIVE;
				GCC_WARN_UNUSED_FUNCTION = YES;
				GCC_WARN_UNUSED_VARIABLE = YES;
				IPHONEOS_DEPLOYMENT_TARGET = 9.2;
				MTL_ENABLE_DEBUG_INFO = YES;
				ONLY_ACTIVE_ARCH = YES;
				SDKROOT = iphoneos;
				SWIFT_OPTIMIZATION_LEVEL = "-Onone";
				TARGETED_DEVICE_FAMILY = "1,2";
			};
			name = Debug;
		};
		7480FF2B1C5E94C60085FAF3 /* Release */ = {
			isa = XCBuildConfiguration;
			buildSettings = {
				ALWAYS_SEARCH_USER_PATHS = NO;
				CLANG_CXX_LANGUAGE_STANDARD = "gnu++0x";
				CLANG_CXX_LIBRARY = "libc++";
				CLANG_ENABLE_MODULES = YES;
				CLANG_ENABLE_OBJC_ARC = YES;
				CLANG_WARN_BOOL_CONVERSION = YES;
				CLANG_WARN_CONSTANT_CONVERSION = YES;
				CLANG_WARN_DIRECT_OBJC_ISA_USAGE = YES_ERROR;
				CLANG_WARN_EMPTY_BODY = YES;
				CLANG_WARN_ENUM_CONVERSION = YES;
				CLANG_WARN_INT_CONVERSION = YES;
				CLANG_WARN_OBJC_ROOT_CLASS = YES_ERROR;
				CLANG_WARN_UNREACHABLE_CODE = YES;
				CLANG_WARN__DUPLICATE_METHOD_MATCH = YES;
				"CODE_SIGN_IDENTITY[sdk=iphoneos*]" = "iPhone Developer";
				COPY_PHASE_STRIP = NO;
				DEBUG_INFORMATION_FORMAT = dwarf;
				ENABLE_NS_ASSERTIONS = NO;
				ENABLE_STRICT_OBJC_MSGSEND = YES;
				GCC_C_LANGUAGE_STANDARD = gnu99;
				GCC_NO_COMMON_BLOCKS = YES;
				GCC_WARN_64_TO_32_BIT_CONVERSION = YES;
				GCC_WARN_ABOUT_RETURN_TYPE = YES_ERROR;
				GCC_WARN_UNDECLARED_SELECTOR = YES;
				GCC_WARN_UNINITIALIZED_AUTOS = YES_AGGRESSIVE;
				GCC_WARN_UNUSED_FUNCTION = YES;
				GCC_WARN_UNUSED_VARIABLE = YES;
				IPHONEOS_DEPLOYMENT_TARGET = 9.2;
				MTL_ENABLE_DEBUG_INFO = NO;
				SDKROOT = iphoneos;
				TARGETED_DEVICE_FAMILY = "1,2";
				VALIDATE_PRODUCT = YES;
			};
			name = Release;
		};
		7480FF2D1C5E94C60085FAF3 /* Debug */ = {
			isa = XCBuildConfiguration;
			buildSettings = {
				ASSETCATALOG_COMPILER_APPICON_NAME = AppIcon;
				CLANG_ENABLE_MODULES = YES;
				CODE_SIGN_ENTITLEMENTS = Bubble/Bubble.entitlements;
				CODE_SIGN_IDENTITY = "iPhone Developer";
				"CODE_SIGN_IDENTITY[sdk=iphoneos*]" = "iPhone Developer";
				INFOPLIST_FILE = Bubble/Info.plist;
				LD_RUNPATH_SEARCH_PATHS = "$(inherited) @executable_path/Frameworks";
				PRODUCT_BUNDLE_IDENTIFIER = SwagApps.Bubble;
				PRODUCT_NAME = "$(TARGET_NAME)";
				PROVISIONING_PROFILE = "";
				SWIFT_OBJC_BRIDGING_HEADER = "Bubble/Bubble-Bridging-Header.h";
				SWIFT_OPTIMIZATION_LEVEL = "-Onone";
			};
			name = Debug;
		};
		7480FF2E1C5E94C60085FAF3 /* Release */ = {
			isa = XCBuildConfiguration;
			buildSettings = {
				ASSETCATALOG_COMPILER_APPICON_NAME = AppIcon;
				CLANG_ENABLE_MODULES = YES;
				CODE_SIGN_ENTITLEMENTS = Bubble/Bubble.entitlements;
				CODE_SIGN_IDENTITY = "iPhone Developer";
				"CODE_SIGN_IDENTITY[sdk=iphoneos*]" = "iPhone Developer";
				INFOPLIST_FILE = Bubble/Info.plist;
				LD_RUNPATH_SEARCH_PATHS = "$(inherited) @executable_path/Frameworks";
				PRODUCT_BUNDLE_IDENTIFIER = SwagApps.Bubble;
				PRODUCT_NAME = "$(TARGET_NAME)";
				PROVISIONING_PROFILE = "";
				SWIFT_OBJC_BRIDGING_HEADER = "Bubble/Bubble-Bridging-Header.h";
			};
			name = Release;
		};
		7480FF301C5E94C60085FAF3 /* Debug */ = {
			isa = XCBuildConfiguration;
			buildSettings = {
				BUNDLE_LOADER = "$(TEST_HOST)";
				INFOPLIST_FILE = BubbleTests/Info.plist;
				LD_RUNPATH_SEARCH_PATHS = "$(inherited) @executable_path/Frameworks @loader_path/Frameworks";
				PRODUCT_BUNDLE_IDENTIFIER = SwagApps.BubbleTests;
				PRODUCT_NAME = "$(TARGET_NAME)";
				TEST_HOST = "$(BUILT_PRODUCTS_DIR)/Bubble.app/Bubble";
			};
			name = Debug;
		};
		7480FF311C5E94C60085FAF3 /* Release */ = {
			isa = XCBuildConfiguration;
			buildSettings = {
				BUNDLE_LOADER = "$(TEST_HOST)";
				INFOPLIST_FILE = BubbleTests/Info.plist;
				LD_RUNPATH_SEARCH_PATHS = "$(inherited) @executable_path/Frameworks @loader_path/Frameworks";
				PRODUCT_BUNDLE_IDENTIFIER = SwagApps.BubbleTests;
				PRODUCT_NAME = "$(TARGET_NAME)";
				TEST_HOST = "$(BUILT_PRODUCTS_DIR)/Bubble.app/Bubble";
			};
			name = Release;
		};
		7480FF331C5E94C60085FAF3 /* Debug */ = {
			isa = XCBuildConfiguration;
			buildSettings = {
				INFOPLIST_FILE = BubbleUITests/Info.plist;
				LD_RUNPATH_SEARCH_PATHS = "$(inherited) @executable_path/Frameworks @loader_path/Frameworks";
				PRODUCT_BUNDLE_IDENTIFIER = SwagApps.BubbleUITests;
				PRODUCT_NAME = "$(TARGET_NAME)";
				TEST_TARGET_NAME = Bubble;
				USES_XCTRUNNER = YES;
			};
			name = Debug;
		};
		7480FF341C5E94C60085FAF3 /* Release */ = {
			isa = XCBuildConfiguration;
			buildSettings = {
				INFOPLIST_FILE = BubbleUITests/Info.plist;
				LD_RUNPATH_SEARCH_PATHS = "$(inherited) @executable_path/Frameworks @loader_path/Frameworks";
				PRODUCT_BUNDLE_IDENTIFIER = SwagApps.BubbleUITests;
				PRODUCT_NAME = "$(TARGET_NAME)";
				TEST_TARGET_NAME = Bubble;
				USES_XCTRUNNER = YES;
			};
			name = Release;
		};
/* End XCBuildConfiguration section */

/* Begin XCConfigurationList section */
		7480FEFC1C5E94C60085FAF3 /* Build configuration list for PBXProject "Bubble" */ = {
			isa = XCConfigurationList;
			buildConfigurations = (
				7480FF2A1C5E94C60085FAF3 /* Debug */,
				7480FF2B1C5E94C60085FAF3 /* Release */,
			);
			defaultConfigurationIsVisible = 0;
			defaultConfigurationName = Release;
		};
		7480FF2C1C5E94C60085FAF3 /* Build configuration list for PBXNativeTarget "Bubble" */ = {
			isa = XCConfigurationList;
			buildConfigurations = (
				7480FF2D1C5E94C60085FAF3 /* Debug */,
				7480FF2E1C5E94C60085FAF3 /* Release */,
			);
			defaultConfigurationIsVisible = 0;
			defaultConfigurationName = Release;
		};
		7480FF2F1C5E94C60085FAF3 /* Build configuration list for PBXNativeTarget "BubbleTests" */ = {
			isa = XCConfigurationList;
			buildConfigurations = (
				7480FF301C5E94C60085FAF3 /* Debug */,
				7480FF311C5E94C60085FAF3 /* Release */,
			);
			defaultConfigurationIsVisible = 0;
			defaultConfigurationName = Release;
		};
		7480FF321C5E94C60085FAF3 /* Build configuration list for PBXNativeTarget "BubbleUITests" */ = {
			isa = XCConfigurationList;
			buildConfigurations = (
				7480FF331C5E94C60085FAF3 /* Debug */,
				7480FF341C5E94C60085FAF3 /* Release */,
			);
			defaultConfigurationIsVisible = 0;
			defaultConfigurationName = Release;
		};
/* End XCConfigurationList section */

/* Begin XCVersionGroup section */
		7480FF0B1C5E94C60085FAF3 /* Bubble.xcdatamodeld */ = {
			isa = XCVersionGroup;
			children = (
				7480FF0C1C5E94C60085FAF3 /* Bubble.xcdatamodel */,
			);
			currentVersion = 7480FF0C1C5E94C60085FAF3 /* Bubble.xcdatamodel */;
			path = Bubble.xcdatamodeld;
			sourceTree = "<group>";
			versionGroupType = wrapper.xcdatamodel;
		};
/* End XCVersionGroup section */
	};
	rootObject = 7480FEF91C5E94C60085FAF3 /* Project object */;
}
