// !$*UTF8*$!
{
	archiveVersion = 1;
	classes = {
	};
	objectVersion = 46;
	objects = {

/* Begin PBXBuildFile section */
		7480FF051C5E94C60085FAF3 /* AppDelegate.swift in Sources */ = {isa = PBXBuildFile; fileRef = 7480FF041C5E94C60085FAF3 /* AppDelegate.swift */; };
		7480FF071C5E94C60085FAF3 /* ViewController.swift in Sources */ = {isa = PBXBuildFile; fileRef = 7480FF061C5E94C60085FAF3 /* ViewController.swift */; };
		7480FF0A1C5E94C60085FAF3 /* Main.storyboard in Resources */ = {isa = PBXBuildFile; fileRef = 7480FF081C5E94C60085FAF3 /* Main.storyboard */; };
		7480FF0D1C5E94C60085FAF3 /* Bubble.xcdatamodeld in Sources */ = {isa = PBXBuildFile; fileRef = 7480FF0B1C5E94C60085FAF3 /* Bubble.xcdatamodeld */; };
		7480FF0F1C5E94C60085FAF3 /* Assets.xcassets in Resources */ = {isa = PBXBuildFile; fileRef = 7480FF0E1C5E94C60085FAF3 /* Assets.xcassets */; };
		7480FF121C5E94C60085FAF3 /* LaunchScreen.storyboard in Resources */ = {isa = PBXBuildFile; fileRef = 7480FF101C5E94C60085FAF3 /* LaunchScreen.storyboard */; };
		7480FF1D1C5E94C60085FAF3 /* BubbleTests.swift in Sources */ = {isa = PBXBuildFile; fileRef = 7480FF1C1C5E94C60085FAF3 /* BubbleTests.swift */; };
		7480FF281C5E94C60085FAF3 /* BubbleUITests.swift in Sources */ = {isa = PBXBuildFile; fileRef = 7480FF271C5E94C60085FAF3 /* BubbleUITests.swift */; };
/* End PBXBuildFile section */

/* Begin PBXContainerItemProxy section */
		7480FF191C5E94C60085FAF3 /* PBXContainerItemProxy */ = {
			isa = PBXContainerItemProxy;
			containerPortal = 7480FEF91C5E94C60085FAF3 /* Project object */;
			proxyType = 1;
			remoteGlobalIDString = 7480FF001C5E94C60085FAF3;
			remoteInfo = Bubble;
		};
		7480FF241C5E94C60085FAF3 /* PBXContainerItemProxy */ = {
			isa = PBXContainerItemProxy;
			containerPortal = 7480FEF91C5E94C60085FAF3 /* Project object */;
			proxyType = 1;
			remoteGlobalIDString = 7480FF001C5E94C60085FAF3;
			remoteInfo = Bubble;
		};
/* End PBXContainerItemProxy section */

/* Begin PBXFileReference section */
		7480FF011C5E94C60085FAF3 /* Bubble.app */ = {isa = PBXFileReference; explicitFileType = wrapper.application; includeInIndex = 0; path = Bubble.app; sourceTree = BUILT_PRODUCTS_DIR; };
		7480FF041C5E94C60085FAF3 /* AppDelegate.swift */ = {isa = PBXFileReference; lastKnownFileType = sourcecode.swift; path = AppDelegate.swift; sourceTree = "<group>"; };
		7480FF061C5E94C60085FAF3 /* ViewController.swift */ = {isa = PBXFileReference; lastKnownFileType = sourcecode.swift; path = ViewController.swift; sourceTree = "<group>"; };
		7480FF091C5E94C60085FAF3 /* Base */ = {isa = PBXFileReference; lastKnownFileType = file.storyboard; name = Base; path = Base.lproj/Main.storyboard; sourceTree = "<group>"; };
		7480FF0C1C5E94C60085FAF3 /* Bubble.xcdatamodel */ = {isa = PBXFileReference; lastKnownFileType = wrapper.xcdatamodel; path = Bubble.xcdatamodel; sourceTree = "<group>"; };
		7480FF0E1C5E94C60085FAF3 /* Assets.xcassets */ = {isa = PBXFileReference; lastKnownFileType = folder.assetcatalog; path = Assets.xcassets; sourceTree = "<group>"; };
		7480FF111C5E94C60085FAF3 /* Base */ = {isa = PBXFileReference; lastKnownFileType = file.storyboard; name = Base; path = Base.lproj/LaunchScreen.storyboard; sourceTree = "<group>"; };
		7480FF131C5E94C60085FAF3 /* Info.plist */ = {isa = PBXFileReference; lastKnownFileType = text.plist.xml; path = Info.plist; sourceTree = "<group>"; };
		7480FF181C5E94C60085FAF3 /* BubbleTests.xctest */ = {isa = PBXFileReference; explicitFileType = wrapper.cfbundle; includeInIndex = 0; path = BubbleTests.xctest; sourceTree = BUILT_PRODUCTS_DIR; };
		7480FF1C1C5E94C60085FAF3 /* BubbleTests.swift */ = {isa = PBXFileReference; lastKnownFileType = sourcecode.swift; path = BubbleTests.swift; sourceTree = "<group>"; };
		7480FF1E1C5E94C60085FAF3 /* Info.plist */ = {isa = PBXFileReference; lastKnownFileType = text.plist.xml; path = Info.plist; sourceTree = "<group>"; };
		7480FF231C5E94C60085FAF3 /* BubbleUITests.xctest */ = {isa = PBXFileReference; explicitFileType = wrapper.cfbundle; includeInIndex = 0; path = BubbleUITests.xctest; sourceTree = BUILT_PRODUCTS_DIR; };
		7480FF271C5E94C60085FAF3 /* BubbleUITests.swift */ = {isa = PBXFileReference; lastKnownFileType = sourcecode.swift; path = BubbleUITests.swift; sourceTree = "<group>"; };
		7480FF291C5E94C60085FAF3 /* Info.plist */ = {isa = PBXFileReference; lastKnownFileType = text.plist.xml; path = Info.plist; sourceTree = "<group>"; };
/* End PBXFileReference section */

/* Begin PBXFrameworksBuildPhase section */
		7480FEFE1C5E94C60085FAF3 /* Frameworks */ = {
			isa = PBXFrameworksBuildPhase;
			buildActionMask = 2147483647;
			files = (
			);
			runOnlyForDeploymentPostprocessing = 0;
		};
		7480FF151C5E94C60085FAF3 /* Frameworks */ = {
			isa = PBXFrameworksBuildPhase;
			buildActionMask = 2147483647;
			files = (
			);
			runOnlyForDeploymentPostprocessing = 0;
		};
		7480FF201C5E94C60085FAF3 /* Frameworks */ = {
			isa = PBXFrameworksBuildPhase;
			buildActionMask = 2147483647;
			files = (
			);
			runOnlyForDeploymentPostprocessing = 0;
		};
/* End PBXFrameworksBuildPhase section */

/* Begin PBXGroup section */
		7480FEF81C5E94C60085FAF3 = {
			isa = PBXGroup;
			children = (
				7480FF031C5E94C60085FAF3 /* Bubble */,
				7480FF1B1C5E94C60085FAF3 /* BubbleTests */,
				7480FF261C5E94C60085FAF3 /* BubbleUITests */,
				7480FF021C5E94C60085FAF3 /* Products */,
			);
			sourceTree = "<group>";
		};
		7480FF021C5E94C60085FAF3 /* Products */ = {
			isa = PBXGroup;
			children = (
				7480FF011C5E94C60085FAF3 /* Bubble.app */,
				7480FF181C5E94C60085FAF3 /* BubbleTests.xctest */,
				7480FF231C5E94C60085FAF3 /* BubbleUITests.xctest */,
			);
			name = Products;
			sourceTree = "<group>";
		};
		7480FF031C5E94C60085FAF3 /* Bubble */ = {
			isa = PBXGroup;
			children = (
				7480FF041C5E94C60085FAF3 /* AppDelegate.swift */,
				7480FF061C5E94C60085FAF3 /* ViewController.swift */,
				7480FF081C5E94C60085FAF3 /* Main.storyboard */,
				7480FF0E1C5E94C60085FAF3 /* Assets.xcassets */,
				7480FF101C5E94C60085FAF3 /* LaunchScreen.storyboard */,
				7480FF131C5E94C60085FAF3 /* Info.plist */,
				7480FF0B1C5E94C60085FAF3 /* Bubble.xcdatamodeld */,
			);
			path = Bubble;
			sourceTree = "<group>";
		};
		7480FF1B1C5E94C60085FAF3 /* BubbleTests */ = {
			isa = PBXGroup;
			children = (
				7480FF1C1C5E94C60085FAF3 /* BubbleTests.swift */,
				7480FF1E1C5E94C60085FAF3 /* Info.plist */,
			);
			path = BubbleTests;
			sourceTree = "<group>";
		};
		7480FF261C5E94C60085FAF3 /* BubbleUITests */ = {
			isa = PBXGroup;
			children = (
				7480FF271C5E94C60085FAF3 /* BubbleUITests.swift */,
				7480FF291C5E94C60085FAF3 /* Info.plist */,
			);
			path = BubbleUITests;
			sourceTree = "<group>";
		};
/* End PBXGroup section */

/* Begin PBXNativeTarget section */
		7480FF001C5E94C60085FAF3 /* Bubble */ = {
			isa = PBXNativeTarget;
			buildConfigurationList = 7480FF2C1C5E94C60085FAF3 /* Build configuration list for PBXNativeTarget "Bubble" */;
			buildPhases = (
				7480FEFD1C5E94C60085FAF3 /* Sources */,
				7480FEFE1C5E94C60085FAF3 /* Frameworks */,
				7480FEFF1C5E94C60085FAF3 /* Resources */,
			);
			buildRules = (
			);
			dependencies = (
			);
			name = Bubble;
			productName = Bubble;
			productReference = 7480FF011C5E94C60085FAF3 /* Bubble.app */;
			productType = "com.apple.product-type.application";
		};
		7480FF171C5E94C60085FAF3 /* BubbleTests */ = {
			isa = PBXNativeTarget;
			buildConfigurationList = 7480FF2F1C5E94C60085FAF3 /* Build configuration list for PBXNativeTarget "BubbleTests" */;
			buildPhases = (
				7480FF141C5E94C60085FAF3 /* Sources */,
				7480FF151C5E94C60085FAF3 /* Frameworks */,
				7480FF161C5E94C60085FAF3 /* Resources */,
			);
			buildRules = (
			);
			dependencies = (
				7480FF1A1C5E94C60085FAF3 /* PBXTargetDependency */,
			);
			name = BubbleTests;
			productName = BubbleTests;
			productReference = 7480FF181C5E94C60085FAF3 /* BubbleTests.xctest */;
			productType = "com.apple.product-type.bundle.unit-test";
		};
		7480FF221C5E94C60085FAF3 /* BubbleUITests */ = {
			isa = PBXNativeTarget;
			buildConfigurationList = 7480FF321C5E94C60085FAF3 /* Build configuration list for PBXNativeTarget "BubbleUITests" */;
			buildPhases = (
				7480FF1F1C5E94C60085FAF3 /* Sources */,
				7480FF201C5E94C60085FAF3 /* Frameworks */,
				7480FF211C5E94C60085FAF3 /* Resources */,
			);
			buildRules = (
			);
			dependencies = (
				7480FF251C5E94C60085FAF3 /* PBXTargetDependency */,
			);
			name = BubbleUITests;
			productName = BubbleUITests;
			productReference = 7480FF231C5E94C60085FAF3 /* BubbleUITests.xctest */;
			productType = "com.apple.product-type.bundle.ui-testing";
		};
/* End PBXNativeTarget section */

/* Begin PBXProject section */
		7480FEF91C5E94C60085FAF3 /* Project object */ = {
			isa = PBXProject;
			attributes = {
				LastSwiftUpdateCheck = 0720;
				LastUpgradeCheck = 0720;
				ORGANIZATIONNAME = "Mike Fink";
				TargetAttributes = {
					7480FF001C5E94C60085FAF3 = {
						CreatedOnToolsVersion = 7.2;
						DevelopmentTeam = 52YP3DDHC9;
					};
					7480FF171C5E94C60085FAF3 = {
						CreatedOnToolsVersion = 7.2;
						DevelopmentTeam = 52YP3DDHC9;
						TestTargetID = 7480FF001C5E94C60085FAF3;
					};
					7480FF221C5E94C60085FAF3 = {
						CreatedOnToolsVersion = 7.2;
						DevelopmentTeam = 52YP3DDHC9;
						TestTargetID = 7480FF001C5E94C60085FAF3;
					};
				};
			};
			buildConfigurationList = 7480FEFC1C5E94C60085FAF3 /* Build configuration list for PBXProject "Bubble" */;
			compatibilityVersion = "Xcode 3.2";
			developmentRegion = English;
			hasScannedForEncodings = 0;
			knownRegions = (
				en,
				Base,
			);
			mainGroup = 7480FEF81C5E94C60085FAF3;
			productRefGroup = 7480FF021C5E94C60085FAF3 /* Products */;
			projectDirPath = "";
			projectRoot = "";
			targets = (
				7480FF001C5E94C60085FAF3 /* Bubble */,
				7480FF171C5E94C60085FAF3 /* BubbleTests */,
				7480FF221C5E94C60085FAF3 /* BubbleUITests */,
			);
		};
/* End PBXProject section */

/* Begin PBXResourcesBuildPhase section */
		7480FEFF1C5E94C60085FAF3 /* Resources */ = {
			isa = PBXResourcesBuildPhase;
			buildActionMask = 2147483647;
			files = (
				7480FF121C5E94C60085FAF3 /* LaunchScreen.storyboard in Resources */,
				7480FF0F1C5E94C60085FAF3 /* Assets.xcassets in Resources */,
				7480FF0A1C5E94C60085FAF3 /* Main.storyboard in Resources */,
			);
			runOnlyForDeploymentPostprocessing = 0;
		};
		7480FF161C5E94C60085FAF3 /* Resources */ = {
			isa = PBXResourcesBuildPhase;
			buildActionMask = 2147483647;
			files = (
			);
			runOnlyForDeploymentPostprocessing = 0;
		};
		7480FF211C5E94C60085FAF3 /* Resources */ = {
			isa = PBXResourcesBuildPhase;
			buildActionMask = 2147483647;
			files = (
			);
			runOnlyForDeploymentPostprocessing = 0;
		};
/* End PBXResourcesBuildPhase section */

/* Begin PBXSourcesBuildPhase section */
		7480FEFD1C5E94C60085FAF3 /* Sources */ = {
			isa = PBXSourcesBuildPhase;
			buildActionMask = 2147483647;
			files = (
				7480FF0D1C5E94C60085FAF3 /* Bubble.xcdatamodeld in Sources */,
				7480FF071C5E94C60085FAF3 /* ViewController.swift in Sources */,
				7480FF051C5E94C60085FAF3 /* AppDelegate.swift in Sources */,
			);
			runOnlyForDeploymentPostprocessing = 0;
		};
		7480FF141C5E94C60085FAF3 /* Sources */ = {
			isa = PBXSourcesBuildPhase;
			buildActionMask = 2147483647;
			files = (
				7480FF1D1C5E94C60085FAF3 /* BubbleTests.swift in Sources */,
			);
			runOnlyForDeploymentPostprocessing = 0;
		};
		7480FF1F1C5E94C60085FAF3 /* Sources */ = {
			isa = PBXSourcesBuildPhase;
			buildActionMask = 2147483647;
			files = (
				7480FF281C5E94C60085FAF3 /* BubbleUITests.swift in Sources */,
			);
			runOnlyForDeploymentPostprocessing = 0;
		};
/* End PBXSourcesBuildPhase section */

/* Begin PBXTargetDependency section */
		7480FF1A1C5E94C60085FAF3 /* PBXTargetDependency */ = {
			isa = PBXTargetDependency;
			target = 7480FF001C5E94C60085FAF3 /* Bubble */;
			targetProxy = 7480FF191C5E94C60085FAF3 /* PBXContainerItemProxy */;
		};
		7480FF251C5E94C60085FAF3 /* PBXTargetDependency */ = {
			isa = PBXTargetDependency;
			target = 7480FF001C5E94C60085FAF3 /* Bubble */;
			targetProxy = 7480FF241C5E94C60085FAF3 /* PBXContainerItemProxy */;
		};
/* End PBXTargetDependency section */

/* Begin PBXVariantGroup section */
		7480FF081C5E94C60085FAF3 /* Main.storyboard */ = {
			isa = PBXVariantGroup;
			children = (
				7480FF091C5E94C60085FAF3 /* Base */,
			);
			name = Main.storyboard;
			sourceTree = "<group>";
		};
		7480FF101C5E94C60085FAF3 /* LaunchScreen.storyboard */ = {
			isa = PBXVariantGroup;
			children = (
				7480FF111C5E94C60085FAF3 /* Base */,
			);
			name = LaunchScreen.storyboard;
			sourceTree = "<group>";
		};
/* End PBXVariantGroup section */

/* Begin XCBuildConfiguration section */
		7480FF2A1C5E94C60085FAF3 /* Debug */ = {
			isa = XCBuildConfiguration;
			buildSettings = {
				ALWAYS_SEARCH_USER_PATHS = NO;
				CLANG_CXX_LANGUAGE_STANDARD = "gnu++0x";
				CLANG_CXX_LIBRARY = "libc++";
				CLANG_ENABLE_MODULES = YES;
				CLANG_ENABLE_OBJC_ARC = YES;
				CLANG_WARN_BOOL_CONVERSION = YES;
				CLANG_WARN_CONSTANT_CONVERSION = YES;
				CLANG_WARN_DIRECT_OBJC_ISA_USAGE = YES_ERROR;
				CLANG_WARN_EMPTY_BODY = YES;
				CLANG_WARN_ENUM_CONVERSION = YES;
				CLANG_WARN_INT_CONVERSION = YES;
				CLANG_WARN_OBJC_ROOT_CLASS = YES_ERROR;
				CLANG_WARN_UNREACHABLE_CODE = YES;
				CLANG_WARN__DUPLICATE_METHOD_MATCH = YES;
				"CODE_SIGN_IDENTITY[sdk=iphoneos*]" = "iPhone Developer";
				COPY_PHASE_STRIP = NO;
				DEBUG_INFORMATION_FORMAT = dwarf;
				ENABLE_STRICT_OBJC_MSGSEND = YES;
				ENABLE_TESTABILITY = YES;
				GCC_C_LANGUAGE_STANDARD = gnu99;
				GCC_DYNAMIC_NO_PIC = NO;
				GCC_NO_COMMON_BLOCKS = YES;
				GCC_OPTIMIZATION_LEVEL = 0;
				GCC_PREPROCESSOR_DEFINITIONS = (
					"DEBUG=1",
					"$(inherited)",
				);
				GCC_WARN_64_TO_32_BIT_CONVERSION = YES;
				GCC_WARN_ABOUT_RETURN_TYPE = YES_ERROR;
				GCC_WARN_UNDECLARED_SELECTOR = YES;
				GCC_WARN_UNINITIALIZED_AUTOS = YES_AGGRESSIVE;
				GCC_WARN_UNUSED_FUNCTION = YES;
				GCC_WARN_UNUSED_VARIABLE = YES;
				IPHONEOS_DEPLOYMENT_TARGET = 9.2;
				MTL_ENABLE_DEBUG_INFO = YES;
				ONLY_ACTIVE_ARCH = YES;
				SDKROOT = iphoneos;
				SWIFT_OPTIMIZATION_LEVEL = "-Onone";
				TARGETED_DEVICE_FAMILY = "1,2";
			};
			name = Debug;
		};
		7480FF2B1C5E94C60085FAF3 /* Release */ = {
			isa = XCBuildConfiguration;
			buildSettings = {
				ALWAYS_SEARCH_USER_PATHS = NO;
				CLANG_CXX_LANGUAGE_STANDARD = "gnu++0x";
				CLANG_CXX_LIBRARY = "libc++";
				CLANG_ENABLE_MODULES = YES;
				CLANG_ENABLE_OBJC_ARC = YES;
				CLANG_WARN_BOOL_CONVERSION = YES;
				CLANG_WARN_CONSTANT_CONVERSION = YES;
				CLANG_WARN_DIRECT_OBJC_ISA_USAGE = YES_ERROR;
				CLANG_WARN_EMPTY_BODY = YES;
				CLANG_WARN_ENUM_CONVERSION = YES;
				CLANG_WARN_INT_CONVERSION = YES;
				CLANG_WARN_OBJC_ROOT_CLASS = YES_ERROR;
				CLANG_WARN_UNREACHABLE_CODE = YES;
				CLANG_WARN__DUPLICATE_METHOD_MATCH = YES;
				"CODE_SIGN_IDENTITY[sdk=iphoneos*]" = "iPhone Developer";
				COPY_PHASE_STRIP = NO;
				DEBUG_INFORMATION_FORMAT = "dwarf-with-dsym";
				ENABLE_NS_ASSERTIONS = NO;
				ENABLE_STRICT_OBJC_MSGSEND = YES;
				GCC_C_LANGUAGE_STANDARD = gnu99;
				GCC_NO_COMMON_BLOCKS = YES;
				GCC_WARN_64_TO_32_BIT_CONVERSION = YES;
				GCC_WARN_ABOUT_RETURN_TYPE = YES_ERROR;
				GCC_WARN_UNDECLARED_SELECTOR = YES;
				GCC_WARN_UNINITIALIZED_AUTOS = YES_AGGRESSIVE;
				GCC_WARN_UNUSED_FUNCTION = YES;
				GCC_WARN_UNUSED_VARIABLE = YES;
				IPHONEOS_DEPLOYMENT_TARGET = 9.2;
				MTL_ENABLE_DEBUG_INFO = NO;
				SDKROOT = iphoneos;
				TARGETED_DEVICE_FAMILY = "1,2";
				VALIDATE_PRODUCT = YES;
			};
			name = Release;
		};
		7480FF2D1C5E94C60085FAF3 /* Debug */ = {
			isa = XCBuildConfiguration;
			buildSettings = {
				ASSETCATALOG_COMPILER_APPICON_NAME = AppIcon;
				INFOPLIST_FILE = Bubble/Info.plist;
				LD_RUNPATH_SEARCH_PATHS = "$(inherited) @executable_path/Frameworks";
				PRODUCT_BUNDLE_IDENTIFIER = SwagApps.Bubble;
				PRODUCT_NAME = "$(TARGET_NAME)";
			};
			name = Debug;
		};
		7480FF2E1C5E94C60085FAF3 /* Release */ = {
			isa = XCBuildConfiguration;
			buildSettings = {
				ASSETCATALOG_COMPILER_APPICON_NAME = AppIcon;
				INFOPLIST_FILE = Bubble/Info.plist;
				LD_RUNPATH_SEARCH_PATHS = "$(inherited) @executable_path/Frameworks";
				PRODUCT_BUNDLE_IDENTIFIER = SwagApps.Bubble;
				PRODUCT_NAME = "$(TARGET_NAME)";
			};
			name = Release;
		};
		7480FF301C5E94C60085FAF3 /* Debug */ = {
			isa = XCBuildConfiguration;
			buildSettings = {
				BUNDLE_LOADER = "$(TEST_HOST)";
				INFOPLIST_FILE = BubbleTests/Info.plist;
				LD_RUNPATH_SEARCH_PATHS = "$(inherited) @executable_path/Frameworks @loader_path/Frameworks";
				PRODUCT_BUNDLE_IDENTIFIER = SwagApps.BubbleTests;
				PRODUCT_NAME = "$(TARGET_NAME)";
				TEST_HOST = "$(BUILT_PRODUCTS_DIR)/Bubble.app/Bubble";
			};
			name = Debug;
		};
		7480FF311C5E94C60085FAF3 /* Release */ = {
			isa = XCBuildConfiguration;
			buildSettings = {
				BUNDLE_LOADER = "$(TEST_HOST)";
				INFOPLIST_FILE = BubbleTests/Info.plist;
				LD_RUNPATH_SEARCH_PATHS = "$(inherited) @executable_path/Frameworks @loader_path/Frameworks";
				PRODUCT_BUNDLE_IDENTIFIER = SwagApps.BubbleTests;
				PRODUCT_NAME = "$(TARGET_NAME)";
				TEST_HOST = "$(BUILT_PRODUCTS_DIR)/Bubble.app/Bubble";
			};
			name = Release;
		};
		7480FF331C5E94C60085FAF3 /* Debug */ = {
			isa = XCBuildConfiguration;
			buildSettings = {
				INFOPLIST_FILE = BubbleUITests/Info.plist;
				LD_RUNPATH_SEARCH_PATHS = "$(inherited) @executable_path/Frameworks @loader_path/Frameworks";
				PRODUCT_BUNDLE_IDENTIFIER = SwagApps.BubbleUITests;
				PRODUCT_NAME = "$(TARGET_NAME)";
				TEST_TARGET_NAME = Bubble;
				USES_XCTRUNNER = YES;
			};
			name = Debug;
		};
		7480FF341C5E94C60085FAF3 /* Release */ = {
			isa = XCBuildConfiguration;
			buildSettings = {
				INFOPLIST_FILE = BubbleUITests/Info.plist;
				LD_RUNPATH_SEARCH_PATHS = "$(inherited) @executable_path/Frameworks @loader_path/Frameworks";
				PRODUCT_BUNDLE_IDENTIFIER = SwagApps.BubbleUITests;
				PRODUCT_NAME = "$(TARGET_NAME)";
				TEST_TARGET_NAME = Bubble;
				USES_XCTRUNNER = YES;
			};
			name = Release;
		};
/* End XCBuildConfiguration section */

/* Begin XCConfigurationList section */
		7480FEFC1C5E94C60085FAF3 /* Build configuration list for PBXProject "Bubble" */ = {
			isa = XCConfigurationList;
			buildConfigurations = (
				7480FF2A1C5E94C60085FAF3 /* Debug */,
				7480FF2B1C5E94C60085FAF3 /* Release */,
			);
			defaultConfigurationIsVisible = 0;
			defaultConfigurationName = Release;
		};
		7480FF2C1C5E94C60085FAF3 /* Build configuration list for PBXNativeTarget "Bubble" */ = {
			isa = XCConfigurationList;
			buildConfigurations = (
				7480FF2D1C5E94C60085FAF3 /* Debug */,
				7480FF2E1C5E94C60085FAF3 /* Release */,
			);
			defaultConfigurationIsVisible = 0;
		};
		7480FF2F1C5E94C60085FAF3 /* Build configuration list for PBXNativeTarget "BubbleTests" */ = {
			isa = XCConfigurationList;
			buildConfigurations = (
				7480FF301C5E94C60085FAF3 /* Debug */,
				7480FF311C5E94C60085FAF3 /* Release */,
			);
			defaultConfigurationIsVisible = 0;
		};
		7480FF321C5E94C60085FAF3 /* Build configuration list for PBXNativeTarget "BubbleUITests" */ = {
			isa = XCConfigurationList;
			buildConfigurations = (
				7480FF331C5E94C60085FAF3 /* Debug */,
				7480FF341C5E94C60085FAF3 /* Release */,
			);
			defaultConfigurationIsVisible = 0;
		};
/* End XCConfigurationList section */

/* Begin XCVersionGroup section */
		7480FF0B1C5E94C60085FAF3 /* Bubble.xcdatamodeld */ = {
			isa = XCVersionGroup;
			children = (
				7480FF0C1C5E94C60085FAF3 /* Bubble.xcdatamodel */,
			);
			currentVersion = 7480FF0C1C5E94C60085FAF3 /* Bubble.xcdatamodel */;
			path = Bubble.xcdatamodeld;
			sourceTree = "<group>";
			versionGroupType = wrapper.xcdatamodel;
		};
/* End XCVersionGroup section */
	};
	rootObject = 7480FEF91C5E94C60085FAF3 /* Project object */;
}
